// !$*UTF8*$!
{
	archiveVersion = 1;
	classes = {
	};
	objectVersion = 51;
	objects = {

/* Begin PBXBuildFile section */
		A33B7685243397D400968C13 /* AppDelegate.swift in Sources */ = {isa = PBXBuildFile; fileRef = A33B7684243397D400968C13 /* AppDelegate.swift */; };
		A33B7687243397D400968C13 /* SceneDelegate.swift in Sources */ = {isa = PBXBuildFile; fileRef = A33B7686243397D400968C13 /* SceneDelegate.swift */; };
		A33B7689243397D400968C13 /* RootViewController.swift in Sources */ = {isa = PBXBuildFile; fileRef = A33B7688243397D400968C13 /* RootViewController.swift */; };
		A33B768C243397D400968C13 /* Root.storyboard in Resources */ = {isa = PBXBuildFile; fileRef = A33B768A243397D400968C13 /* Root.storyboard */; };
		A33B768E243397D700968C13 /* Assets.xcassets in Resources */ = {isa = PBXBuildFile; fileRef = A33B768D243397D700968C13 /* Assets.xcassets */; };
		A33B7691243397D700968C13 /* LaunchScreen.storyboard in Resources */ = {isa = PBXBuildFile; fileRef = A33B768F243397D700968C13 /* LaunchScreen.storyboard */; };
		A33B769C243397D700968C13 /* LocationTrackerTests.swift in Sources */ = {isa = PBXBuildFile; fileRef = A33B769B243397D700968C13 /* LocationTrackerTests.swift */; };
		A358EC652461923F003E3457 /* KeyChainService.swift in Sources */ = {isa = PBXBuildFile; fileRef = A358EC642461923F003E3457 /* KeyChainService.swift */; };
		EADBEED40559063596070155 /* Pods_LocationTracker.framework in Frameworks */ = {isa = PBXBuildFile; fileRef = F286BA44A47A87022C145F63 /* Pods_LocationTracker.framework */; };
		F983B26E9537913CD045D58B /* Pods_LocationTrackerTests.framework in Frameworks */ = {isa = PBXBuildFile; fileRef = 4D892D5FBBB59AFBB161D86E /* Pods_LocationTrackerTests.framework */; };
/* End PBXBuildFile section */

/* Begin PBXContainerItemProxy section */
		A33B7698243397D700968C13 /* PBXContainerItemProxy */ = {
			isa = PBXContainerItemProxy;
			containerPortal = A33B7679243397D400968C13 /* Project object */;
			proxyType = 1;
			remoteGlobalIDString = A33B7680243397D400968C13;
			remoteInfo = LocationTracker;
		};
/* End PBXContainerItemProxy section */

/* Begin PBXFileReference section */
		4D892D5FBBB59AFBB161D86E /* Pods_LocationTrackerTests.framework */ = {isa = PBXFileReference; explicitFileType = wrapper.framework; includeInIndex = 0; path = Pods_LocationTrackerTests.framework; sourceTree = BUILT_PRODUCTS_DIR; };
		4ED3F5ADC8B09C68BCF8FEDD /* Pods-LocationTrackerTests.release.xcconfig */ = {isa = PBXFileReference; includeInIndex = 1; lastKnownFileType = text.xcconfig; name = "Pods-LocationTrackerTests.release.xcconfig"; path = "Target Support Files/Pods-LocationTrackerTests/Pods-LocationTrackerTests.release.xcconfig"; sourceTree = "<group>"; };
		A0B8E056F9B05E97411E26F4 /* Pods-LocationTrackerTests.debug.xcconfig */ = {isa = PBXFileReference; includeInIndex = 1; lastKnownFileType = text.xcconfig; name = "Pods-LocationTrackerTests.debug.xcconfig"; path = "Target Support Files/Pods-LocationTrackerTests/Pods-LocationTrackerTests.debug.xcconfig"; sourceTree = "<group>"; };
		A33B7681243397D400968C13 /* LocationTracker.app */ = {isa = PBXFileReference; explicitFileType = wrapper.application; includeInIndex = 0; path = LocationTracker.app; sourceTree = BUILT_PRODUCTS_DIR; };
		A33B7684243397D400968C13 /* AppDelegate.swift */ = {isa = PBXFileReference; lastKnownFileType = sourcecode.swift; path = AppDelegate.swift; sourceTree = "<group>"; };
		A33B7686243397D400968C13 /* SceneDelegate.swift */ = {isa = PBXFileReference; lastKnownFileType = sourcecode.swift; path = SceneDelegate.swift; sourceTree = "<group>"; };
		A33B7688243397D400968C13 /* RootViewController.swift */ = {isa = PBXFileReference; lastKnownFileType = sourcecode.swift; path = RootViewController.swift; sourceTree = "<group>"; };
		A33B768B243397D400968C13 /* Base */ = {isa = PBXFileReference; lastKnownFileType = file.storyboard; name = Base; path = Base.lproj/Root.storyboard; sourceTree = "<group>"; };
		A33B768D243397D700968C13 /* Assets.xcassets */ = {isa = PBXFileReference; lastKnownFileType = folder.assetcatalog; path = Assets.xcassets; sourceTree = "<group>"; };
		A33B7690243397D700968C13 /* Base */ = {isa = PBXFileReference; lastKnownFileType = file.storyboard; name = Base; path = Base.lproj/LaunchScreen.storyboard; sourceTree = "<group>"; };
		A33B7692243397D700968C13 /* Info.plist */ = {isa = PBXFileReference; lastKnownFileType = text.plist.xml; path = Info.plist; sourceTree = "<group>"; };
		A33B7697243397D700968C13 /* LocationTrackerTests.xctest */ = {isa = PBXFileReference; explicitFileType = wrapper.cfbundle; includeInIndex = 0; path = LocationTrackerTests.xctest; sourceTree = BUILT_PRODUCTS_DIR; };
		A33B769B243397D700968C13 /* LocationTrackerTests.swift */ = {isa = PBXFileReference; lastKnownFileType = sourcecode.swift; path = LocationTrackerTests.swift; sourceTree = "<group>"; };
		A33B769D243397D700968C13 /* Info.plist */ = {isa = PBXFileReference; lastKnownFileType = text.plist.xml; path = Info.plist; sourceTree = "<group>"; };
		A358EC642461923F003E3457 /* KeyChainService.swift */ = {isa = PBXFileReference; lastKnownFileType = sourcecode.swift; path = KeyChainService.swift; sourceTree = "<group>"; };
		B1115C8F41150A0847EF7BE5 /* Pods-LocationTracker.release.xcconfig */ = {isa = PBXFileReference; includeInIndex = 1; lastKnownFileType = text.xcconfig; name = "Pods-LocationTracker.release.xcconfig"; path = "Target Support Files/Pods-LocationTracker/Pods-LocationTracker.release.xcconfig"; sourceTree = "<group>"; };
		E21441EDD63F25D9876299D8 /* Pods-LocationTracker.debug.xcconfig */ = {isa = PBXFileReference; includeInIndex = 1; lastKnownFileType = text.xcconfig; name = "Pods-LocationTracker.debug.xcconfig"; path = "Target Support Files/Pods-LocationTracker/Pods-LocationTracker.debug.xcconfig"; sourceTree = "<group>"; };
		F286BA44A47A87022C145F63 /* Pods_LocationTracker.framework */ = {isa = PBXFileReference; explicitFileType = wrapper.framework; includeInIndex = 0; path = Pods_LocationTracker.framework; sourceTree = BUILT_PRODUCTS_DIR; };
/* End PBXFileReference section */

/* Begin PBXFrameworksBuildPhase section */
		A33B767E243397D400968C13 /* Frameworks */ = {
			isa = PBXFrameworksBuildPhase;
			buildActionMask = 2147483647;
			files = (
				EADBEED40559063596070155 /* Pods_LocationTracker.framework in Frameworks */,
			);
			runOnlyForDeploymentPostprocessing = 0;
		};
		A33B7694243397D700968C13 /* Frameworks */ = {
			isa = PBXFrameworksBuildPhase;
			buildActionMask = 2147483647;
			files = (
				F983B26E9537913CD045D58B /* Pods_LocationTrackerTests.framework in Frameworks */,
			);
			runOnlyForDeploymentPostprocessing = 0;
		};
/* End PBXFrameworksBuildPhase section */

/* Begin PBXGroup section */
		8D11FFD39E0DB45EB36CDB77 /* Frameworks */ = {
			isa = PBXGroup;
			children = (
				F286BA44A47A87022C145F63 /* Pods_LocationTracker.framework */,
				4D892D5FBBB59AFBB161D86E /* Pods_LocationTrackerTests.framework */,
			);
			name = Frameworks;
			sourceTree = "<group>";
		};
		96A640F75F539417954DF167 /* Pods */ = {
			isa = PBXGroup;
			children = (
				E21441EDD63F25D9876299D8 /* Pods-LocationTracker.debug.xcconfig */,
				B1115C8F41150A0847EF7BE5 /* Pods-LocationTracker.release.xcconfig */,
				A0B8E056F9B05E97411E26F4 /* Pods-LocationTrackerTests.debug.xcconfig */,
				4ED3F5ADC8B09C68BCF8FEDD /* Pods-LocationTrackerTests.release.xcconfig */,
			);
			path = Pods;
			sourceTree = "<group>";
		};
		A33B7678243397D400968C13 = {
			isa = PBXGroup;
			children = (
				A33B7683243397D400968C13 /* LocationTracker */,
				A33B769A243397D700968C13 /* LocationTrackerTests */,
				A33B7682243397D400968C13 /* Products */,
				96A640F75F539417954DF167 /* Pods */,
				8D11FFD39E0DB45EB36CDB77 /* Frameworks */,
			);
			sourceTree = "<group>";
		};
		A33B7682243397D400968C13 /* Products */ = {
			isa = PBXGroup;
			children = (
				A33B7681243397D400968C13 /* LocationTracker.app */,
				A33B7697243397D700968C13 /* LocationTrackerTests.xctest */,
			);
			name = Products;
			sourceTree = "<group>";
		};
		A33B7683243397D400968C13 /* LocationTracker */ = {
			isa = PBXGroup;
			children = (
				A33B76A82433999A00968C13 /* Supporting Files */,
				A33B76A72433998700968C13 /* Resources */,
				A33B76A62433997B00968C13 /* Classes */,
			);
			path = LocationTracker;
			sourceTree = "<group>";
		};
		A33B769A243397D700968C13 /* LocationTrackerTests */ = {
			isa = PBXGroup;
			children = (
				A33B769B243397D700968C13 /* LocationTrackerTests.swift */,
				A33B769D243397D700968C13 /* Info.plist */,
			);
			path = LocationTrackerTests;
			sourceTree = "<group>";
		};
		A33B76A62433997B00968C13 /* Classes */ = {
			isa = PBXGroup;
			children = (
				A358EC622461920D003E3457 /* BusineddLogicLayer */,
				A33B76A924339AB700968C13 /* ApplicationLayer */,
			);
			path = Classes;
			sourceTree = "<group>";
		};
		A33B76A72433998700968C13 /* Resources */ = {
			isa = PBXGroup;
			children = (
				A33B768F243397D700968C13 /* LaunchScreen.storyboard */,
				A33B768D243397D700968C13 /* Assets.xcassets */,
			);
			path = Resources;
			sourceTree = "<group>";
		};
		A33B76A82433999A00968C13 /* Supporting Files */ = {
			isa = PBXGroup;
			children = (
				A33B7692243397D700968C13 /* Info.plist */,
			);
			path = "Supporting Files";
			sourceTree = "<group>";
		};
		A33B76A924339AB700968C13 /* ApplicationLayer */ = {
			isa = PBXGroup;
			children = (
				A33B76AA24339ADA00968C13 /* Root */,
				A33B7684243397D400968C13 /* AppDelegate.swift */,
				A33B7686243397D400968C13 /* SceneDelegate.swift */,
			);
			path = ApplicationLayer;
			sourceTree = "<group>";
		};
		A33B76AA24339ADA00968C13 /* Root */ = {
			isa = PBXGroup;
			children = (
				A33B7688243397D400968C13 /* RootViewController.swift */,
				A33B768A243397D400968C13 /* Root.storyboard */,
			);
			path = Root;
			sourceTree = "<group>";
		};
		A358EC622461920D003E3457 /* BusineddLogicLayer */ = {
			isa = PBXGroup;
			children = (
				A358EC6324619228003E3457 /* Services */,
			);
			path = BusineddLogicLayer;
			sourceTree = "<group>";
		};
		A358EC6324619228003E3457 /* Services */ = {
			isa = PBXGroup;
			children = (
				A358EC642461923F003E3457 /* KeyChainService.swift */,
			);
			path = Services;
			sourceTree = "<group>";
		};
/* End PBXGroup section */

/* Begin PBXHeadersBuildPhase section */
		A30DFFF72433AE810088E058 /* Headers */ = {
			isa = PBXHeadersBuildPhase;
			buildActionMask = 2147483647;
			files = (
			);
			runOnlyForDeploymentPostprocessing = 0;
		};
/* End PBXHeadersBuildPhase section */

/* Begin PBXNativeTarget section */
		A33B7680243397D400968C13 /* LocationTracker */ = {
			isa = PBXNativeTarget;
			buildConfigurationList = A33B76A0243397D700968C13 /* Build configuration list for PBXNativeTarget "LocationTracker" */;
			buildPhases = (
				1AF475A58811B9F97F8C5937 /* [CP] Check Pods Manifest.lock */,
				A30DFFF72433AE810088E058 /* Headers */,
				A33B767D243397D400968C13 /* Sources */,
				A33B767E243397D400968C13 /* Frameworks */,
				A33B767F243397D400968C13 /* Resources */,
				A30DFFF62433AC730088E058 /* [CP] Swift lint */,
				D91A55059635477FBF77D5EE /* [CP] Embed Pods Frameworks */,
				A25293B5E1A88302304B091C /* [CP] Copy Pods Resources */,
			);
			buildRules = (
			);
			dependencies = (
			);
			name = LocationTracker;
			productName = LocationTracker;
			productReference = A33B7681243397D400968C13 /* LocationTracker.app */;
			productType = "com.apple.product-type.application";
		};
		A33B7696243397D700968C13 /* LocationTrackerTests */ = {
			isa = PBXNativeTarget;
			buildConfigurationList = A33B76A3243397D700968C13 /* Build configuration list for PBXNativeTarget "LocationTrackerTests" */;
			buildPhases = (
				1FEFA652B65B3F88E2009706 /* [CP] Check Pods Manifest.lock */,
				A33B7693243397D700968C13 /* Sources */,
				A33B7694243397D700968C13 /* Frameworks */,
				A33B7695243397D700968C13 /* Resources */,
			);
			buildRules = (
			);
			dependencies = (
				A33B7699243397D700968C13 /* PBXTargetDependency */,
			);
			name = LocationTrackerTests;
			productName = LocationTrackerTests;
			productReference = A33B7697243397D700968C13 /* LocationTrackerTests.xctest */;
			productType = "com.apple.product-type.bundle.unit-test";
		};
/* End PBXNativeTarget section */

/* Begin PBXProject section */
		A33B7679243397D400968C13 /* Project object */ = {
			isa = PBXProject;
			attributes = {
				LastSwiftUpdateCheck = 1140;
				LastUpgradeCheck = 1140;
				ORGANIZATIONNAME = "Алексей Казаков";
				TargetAttributes = {
					A33B7680243397D400968C13 = {
						CreatedOnToolsVersion = 11.4;
					};
					A33B7696243397D700968C13 = {
						CreatedOnToolsVersion = 11.4;
						TestTargetID = A33B7680243397D400968C13;
					};
				};
			};
			buildConfigurationList = A33B767C243397D400968C13 /* Build configuration list for PBXProject "LocationTracker" */;
			compatibilityVersion = "Xcode 9.3";
			developmentRegion = en;
			hasScannedForEncodings = 0;
			knownRegions = (
				en,
				Base,
			);
			mainGroup = A33B7678243397D400968C13;
			productRefGroup = A33B7682243397D400968C13 /* Products */;
			projectDirPath = "";
			projectRoot = "";
			targets = (
				A33B7680243397D400968C13 /* LocationTracker */,
				A33B7696243397D700968C13 /* LocationTrackerTests */,
			);
		};
/* End PBXProject section */

/* Begin PBXResourcesBuildPhase section */
		A33B767F243397D400968C13 /* Resources */ = {
			isa = PBXResourcesBuildPhase;
			buildActionMask = 2147483647;
			files = (
				A33B7691243397D700968C13 /* LaunchScreen.storyboard in Resources */,
				A33B768E243397D700968C13 /* Assets.xcassets in Resources */,
				A33B768C243397D400968C13 /* Root.storyboard in Resources */,
			);
			runOnlyForDeploymentPostprocessing = 0;
		};
		A33B7695243397D700968C13 /* Resources */ = {
			isa = PBXResourcesBuildPhase;
			buildActionMask = 2147483647;
			files = (
			);
			runOnlyForDeploymentPostprocessing = 0;
		};
/* End PBXResourcesBuildPhase section */

/* Begin PBXShellScriptBuildPhase section */
		1AF475A58811B9F97F8C5937 /* [CP] Check Pods Manifest.lock */ = {
			isa = PBXShellScriptBuildPhase;
			buildActionMask = 2147483647;
			files = (
			);
			inputFileListPaths = (
			);
			inputPaths = (
				"${PODS_PODFILE_DIR_PATH}/Podfile.lock",
				"${PODS_ROOT}/Manifest.lock",
			);
			name = "[CP] Check Pods Manifest.lock";
			outputFileListPaths = (
			);
			outputPaths = (
				"$(DERIVED_FILE_DIR)/Pods-LocationTracker-checkManifestLockResult.txt",
			);
			runOnlyForDeploymentPostprocessing = 0;
			shellPath = /bin/sh;
			shellScript = "diff \"${PODS_PODFILE_DIR_PATH}/Podfile.lock\" \"${PODS_ROOT}/Manifest.lock\" > /dev/null\nif [ $? != 0 ] ; then\n    # print error to STDERR\n    echo \"error: The sandbox is not in sync with the Podfile.lock. Run 'pod install' or update your CocoaPods installation.\" >&2\n    exit 1\nfi\n# This output is used by Xcode 'outputs' to avoid re-running this script phase.\necho \"SUCCESS\" > \"${SCRIPT_OUTPUT_FILE_0}\"\n";
			showEnvVarsInLog = 0;
		};
		1FEFA652B65B3F88E2009706 /* [CP] Check Pods Manifest.lock */ = {
			isa = PBXShellScriptBuildPhase;
			buildActionMask = 2147483647;
			files = (
			);
			inputFileListPaths = (
			);
			inputPaths = (
				"${PODS_PODFILE_DIR_PATH}/Podfile.lock",
				"${PODS_ROOT}/Manifest.lock",
			);
			name = "[CP] Check Pods Manifest.lock";
			outputFileListPaths = (
			);
			outputPaths = (
				"$(DERIVED_FILE_DIR)/Pods-LocationTrackerTests-checkManifestLockResult.txt",
			);
			runOnlyForDeploymentPostprocessing = 0;
			shellPath = /bin/sh;
			shellScript = "diff \"${PODS_PODFILE_DIR_PATH}/Podfile.lock\" \"${PODS_ROOT}/Manifest.lock\" > /dev/null\nif [ $? != 0 ] ; then\n    # print error to STDERR\n    echo \"error: The sandbox is not in sync with the Podfile.lock. Run 'pod install' or update your CocoaPods installation.\" >&2\n    exit 1\nfi\n# This output is used by Xcode 'outputs' to avoid re-running this script phase.\necho \"SUCCESS\" > \"${SCRIPT_OUTPUT_FILE_0}\"\n";
			showEnvVarsInLog = 0;
		};
		A25293B5E1A88302304B091C /* [CP] Copy Pods Resources */ = {
			isa = PBXShellScriptBuildPhase;
			buildActionMask = 2147483647;
			files = (
			);
			inputFileListPaths = (
				"${PODS_ROOT}/Target Support Files/Pods-LocationTracker/Pods-LocationTracker-resources-${CONFIGURATION}-input-files.xcfilelist",
			);
			name = "[CP] Copy Pods Resources";
			outputFileListPaths = (
				"${PODS_ROOT}/Target Support Files/Pods-LocationTracker/Pods-LocationTracker-resources-${CONFIGURATION}-output-files.xcfilelist",
			);
			runOnlyForDeploymentPostprocessing = 0;
			shellPath = /bin/sh;
			shellScript = "\"${PODS_ROOT}/Target Support Files/Pods-LocationTracker/Pods-LocationTracker-resources.sh\"\n";
			showEnvVarsInLog = 0;
		};
		A30DFFF62433AC730088E058 /* [CP] Swift lint */ = {
			isa = PBXShellScriptBuildPhase;
			buildActionMask = 2147483647;
			files = (
			);
			inputFileListPaths = (
			);
			inputPaths = (
			);
			name = "[CP] Swift lint";
			outputFileListPaths = (
			);
			outputPaths = (
			);
			runOnlyForDeploymentPostprocessing = 0;
			shellPath = /bin/sh;
			shellScript = "if [ ${CONFIGURATION} == \"Debug\" ]; then\n${PODS_ROOT}/SwiftLint/swiftlint autocorrect\n${PODS_ROOT}/SwiftLint/swiftlint --strict\nfi\n";
		};
		D91A55059635477FBF77D5EE /* [CP] Embed Pods Frameworks */ = {
			isa = PBXShellScriptBuildPhase;
			buildActionMask = 2147483647;
			files = (
			);
			inputFileListPaths = (
				"${PODS_ROOT}/Target Support Files/Pods-LocationTracker/Pods-LocationTracker-frameworks-${CONFIGURATION}-input-files.xcfilelist",
			);
			name = "[CP] Embed Pods Frameworks";
			outputFileListPaths = (
				"${PODS_ROOT}/Target Support Files/Pods-LocationTracker/Pods-LocationTracker-frameworks-${CONFIGURATION}-output-files.xcfilelist",
			);
			runOnlyForDeploymentPostprocessing = 0;
			shellPath = /bin/sh;
			shellScript = "\"${PODS_ROOT}/Target Support Files/Pods-LocationTracker/Pods-LocationTracker-frameworks.sh\"\n";
			showEnvVarsInLog = 0;
		};
/* End PBXShellScriptBuildPhase section */

/* Begin PBXSourcesBuildPhase section */
		A33B767D243397D400968C13 /* Sources */ = {
			isa = PBXSourcesBuildPhase;
			buildActionMask = 2147483647;
			files = (
				A33B7689243397D400968C13 /* RootViewController.swift in Sources */,
				A358EC652461923F003E3457 /* KeyChainService.swift in Sources */,
				A33B7685243397D400968C13 /* AppDelegate.swift in Sources */,
				A33B7687243397D400968C13 /* SceneDelegate.swift in Sources */,
			);
			runOnlyForDeploymentPostprocessing = 0;
		};
		A33B7693243397D700968C13 /* Sources */ = {
			isa = PBXSourcesBuildPhase;
			buildActionMask = 2147483647;
			files = (
				A33B769C243397D700968C13 /* LocationTrackerTests.swift in Sources */,
			);
			runOnlyForDeploymentPostprocessing = 0;
		};
/* End PBXSourcesBuildPhase section */

/* Begin PBXTargetDependency section */
		A33B7699243397D700968C13 /* PBXTargetDependency */ = {
			isa = PBXTargetDependency;
			target = A33B7680243397D400968C13 /* LocationTracker */;
			targetProxy = A33B7698243397D700968C13 /* PBXContainerItemProxy */;
		};
/* End PBXTargetDependency section */

/* Begin PBXVariantGroup section */
		A33B768A243397D400968C13 /* Root.storyboard */ = {
			isa = PBXVariantGroup;
			children = (
				A33B768B243397D400968C13 /* Base */,
			);
			name = Root.storyboard;
			sourceTree = "<group>";
		};
		A33B768F243397D700968C13 /* LaunchScreen.storyboard */ = {
			isa = PBXVariantGroup;
			children = (
				A33B7690243397D700968C13 /* Base */,
			);
			name = LaunchScreen.storyboard;
			sourceTree = "<group>";
		};
/* End PBXVariantGroup section */

/* Begin XCBuildConfiguration section */
		A33B769E243397D700968C13 /* Debug */ = {
			isa = XCBuildConfiguration;
			buildSettings = {
				ALWAYS_SEARCH_USER_PATHS = NO;
				CLANG_ANALYZER_NONNULL = YES;
				CLANG_ANALYZER_NUMBER_OBJECT_CONVERSION = YES_AGGRESSIVE;
				CLANG_CXX_LANGUAGE_STANDARD = "gnu++14";
				CLANG_CXX_LIBRARY = "libc++";
				CLANG_ENABLE_MODULES = YES;
				CLANG_ENABLE_OBJC_ARC = YES;
				CLANG_ENABLE_OBJC_WEAK = YES;
				CLANG_WARN_BLOCK_CAPTURE_AUTORELEASING = YES;
				CLANG_WARN_BOOL_CONVERSION = YES;
				CLANG_WARN_COMMA = YES;
				CLANG_WARN_CONSTANT_CONVERSION = YES;
				CLANG_WARN_DEPRECATED_OBJC_IMPLEMENTATIONS = YES;
				CLANG_WARN_DIRECT_OBJC_ISA_USAGE = YES_ERROR;
				CLANG_WARN_DOCUMENTATION_COMMENTS = YES;
				CLANG_WARN_EMPTY_BODY = YES;
				CLANG_WARN_ENUM_CONVERSION = YES;
				CLANG_WARN_INFINITE_RECURSION = YES;
				CLANG_WARN_INT_CONVERSION = YES;
				CLANG_WARN_NON_LITERAL_NULL_CONVERSION = YES;
				CLANG_WARN_OBJC_IMPLICIT_RETAIN_SELF = YES;
				CLANG_WARN_OBJC_LITERAL_CONVERSION = YES;
				CLANG_WARN_OBJC_ROOT_CLASS = YES_ERROR;
				CLANG_WARN_RANGE_LOOP_ANALYSIS = YES;
				CLANG_WARN_STRICT_PROTOTYPES = YES;
				CLANG_WARN_SUSPICIOUS_MOVE = YES;
				CLANG_WARN_UNGUARDED_AVAILABILITY = YES_AGGRESSIVE;
				CLANG_WARN_UNREACHABLE_CODE = YES;
				CLANG_WARN__DUPLICATE_METHOD_MATCH = YES;
				COPY_PHASE_STRIP = NO;
				DEBUG_INFORMATION_FORMAT = dwarf;
				ENABLE_STRICT_OBJC_MSGSEND = YES;
				ENABLE_TESTABILITY = YES;
				GCC_C_LANGUAGE_STANDARD = gnu11;
				GCC_DYNAMIC_NO_PIC = NO;
				GCC_NO_COMMON_BLOCKS = YES;
				GCC_OPTIMIZATION_LEVEL = 0;
				GCC_PREPROCESSOR_DEFINITIONS = (
					"DEBUG=1",
					"$(inherited)",
				);
				GCC_WARN_64_TO_32_BIT_CONVERSION = YES;
				GCC_WARN_ABOUT_RETURN_TYPE = YES_ERROR;
				GCC_WARN_UNDECLARED_SELECTOR = YES;
				GCC_WARN_UNINITIALIZED_AUTOS = YES_AGGRESSIVE;
				GCC_WARN_UNUSED_FUNCTION = YES;
				GCC_WARN_UNUSED_VARIABLE = YES;
				IPHONEOS_DEPLOYMENT_TARGET = 13.4;
				MTL_ENABLE_DEBUG_INFO = INCLUDE_SOURCE;
				MTL_FAST_MATH = YES;
				ONLY_ACTIVE_ARCH = YES;
				SDKROOT = iphoneos;
				SWIFT_ACTIVE_COMPILATION_CONDITIONS = DEBUG;
				SWIFT_OPTIMIZATION_LEVEL = "-Onone";
			};
			name = Debug;
		};
		A33B769F243397D700968C13 /* Release */ = {
			isa = XCBuildConfiguration;
			buildSettings = {
				ALWAYS_SEARCH_USER_PATHS = NO;
				CLANG_ANALYZER_NONNULL = YES;
				CLANG_ANALYZER_NUMBER_OBJECT_CONVERSION = YES_AGGRESSIVE;
				CLANG_CXX_LANGUAGE_STANDARD = "gnu++14";
				CLANG_CXX_LIBRARY = "libc++";
				CLANG_ENABLE_MODULES = YES;
				CLANG_ENABLE_OBJC_ARC = YES;
				CLANG_ENABLE_OBJC_WEAK = YES;
				CLANG_WARN_BLOCK_CAPTURE_AUTORELEASING = YES;
				CLANG_WARN_BOOL_CONVERSION = YES;
				CLANG_WARN_COMMA = YES;
				CLANG_WARN_CONSTANT_CONVERSION = YES;
				CLANG_WARN_DEPRECATED_OBJC_IMPLEMENTATIONS = YES;
				CLANG_WARN_DIRECT_OBJC_ISA_USAGE = YES_ERROR;
				CLANG_WARN_DOCUMENTATION_COMMENTS = YES;
				CLANG_WARN_EMPTY_BODY = YES;
				CLANG_WARN_ENUM_CONVERSION = YES;
				CLANG_WARN_INFINITE_RECURSION = YES;
				CLANG_WARN_INT_CONVERSION = YES;
				CLANG_WARN_NON_LITERAL_NULL_CONVERSION = YES;
				CLANG_WARN_OBJC_IMPLICIT_RETAIN_SELF = YES;
				CLANG_WARN_OBJC_LITERAL_CONVERSION = YES;
				CLANG_WARN_OBJC_ROOT_CLASS = YES_ERROR;
				CLANG_WARN_RANGE_LOOP_ANALYSIS = YES;
				CLANG_WARN_STRICT_PROTOTYPES = YES;
				CLANG_WARN_SUSPICIOUS_MOVE = YES;
				CLANG_WARN_UNGUARDED_AVAILABILITY = YES_AGGRESSIVE;
				CLANG_WARN_UNREACHABLE_CODE = YES;
				CLANG_WARN__DUPLICATE_METHOD_MATCH = YES;
				COPY_PHASE_STRIP = NO;
				DEBUG_INFORMATION_FORMAT = "dwarf-with-dsym";
				ENABLE_NS_ASSERTIONS = NO;
				ENABLE_STRICT_OBJC_MSGSEND = YES;
				GCC_C_LANGUAGE_STANDARD = gnu11;
				GCC_NO_COMMON_BLOCKS = YES;
				GCC_WARN_64_TO_32_BIT_CONVERSION = YES;
				GCC_WARN_ABOUT_RETURN_TYPE = YES_ERROR;
				GCC_WARN_UNDECLARED_SELECTOR = YES;
				GCC_WARN_UNINITIALIZED_AUTOS = YES_AGGRESSIVE;
				GCC_WARN_UNUSED_FUNCTION = YES;
				GCC_WARN_UNUSED_VARIABLE = YES;
				IPHONEOS_DEPLOYMENT_TARGET = 13.4;
				MTL_ENABLE_DEBUG_INFO = NO;
				MTL_FAST_MATH = YES;
				SDKROOT = iphoneos;
				SWIFT_COMPILATION_MODE = wholemodule;
				SWIFT_OPTIMIZATION_LEVEL = "-O";
				VALIDATE_PRODUCT = YES;
			};
			name = Release;
		};
		A33B76A1243397D700968C13 /* Debug */ = {
			isa = XCBuildConfiguration;
			baseConfigurationReference = E21441EDD63F25D9876299D8 /* Pods-LocationTracker.debug.xcconfig */;
			buildSettings = {
				ASSETCATALOG_COMPILER_APPICON_NAME = AppIcon;
				CODE_SIGN_STYLE = Automatic;
				DEVELOPMENT_TEAM = MLGYVU27YQ;
				INFOPLIST_FILE = "LocationTracker/Supporting Files/Info.plist";
				IPHONEOS_DEPLOYMENT_TARGET = 13.0;
				LD_RUNPATH_SEARCH_PATHS = (
					"$(inherited)",
					"@executable_path/Frameworks",
				);
				PRODUCT_BUNDLE_IDENTIFIER = ru.CristopherJohnson.LocationTracker;
				PRODUCT_NAME = "$(TARGET_NAME)";
				SWIFT_VERSION = 5.0;
				TARGETED_DEVICE_FAMILY = 1;
			};
			name = Debug;
		};
		A33B76A2243397D700968C13 /* Release */ = {
			isa = XCBuildConfiguration;
			baseConfigurationReference = B1115C8F41150A0847EF7BE5 /* Pods-LocationTracker.release.xcconfig */;
			buildSettings = {
				ASSETCATALOG_COMPILER_APPICON_NAME = AppIcon;
				CODE_SIGN_STYLE = Automatic;
				DEVELOPMENT_TEAM = MLGYVU27YQ;
				INFOPLIST_FILE = "LocationTracker/Supporting Files/Info.plist";
				IPHONEOS_DEPLOYMENT_TARGET = 13.0;
				LD_RUNPATH_SEARCH_PATHS = (
					"$(inherited)",
					"@executable_path/Frameworks",
				);
				PRODUCT_BUNDLE_IDENTIFIER = ru.CristopherJohnson.LocationTracker;
				PRODUCT_NAME = "$(TARGET_NAME)";
				SWIFT_VERSION = 5.0;
				TARGETED_DEVICE_FAMILY = 1;
			};
			name = Release;
		};
		A33B76A4243397D700968C13 /* Debug */ = {
			isa = XCBuildConfiguration;
			baseConfigurationReference = A0B8E056F9B05E97411E26F4 /* Pods-LocationTrackerTests.debug.xcconfig */;
			buildSettings = {
				ALWAYS_EMBED_SWIFT_STANDARD_LIBRARIES = YES;
				BUNDLE_LOADER = "$(TEST_HOST)";
				CODE_SIGN_STYLE = Automatic;
				DEVELOPMENT_TEAM = MLGYVU27YQ;
				INFOPLIST_FILE = LocationTrackerTests/Info.plist;
				IPHONEOS_DEPLOYMENT_TARGET = 13.4;
				LD_RUNPATH_SEARCH_PATHS = (
					"$(inherited)",
					"@executable_path/Frameworks",
					"@loader_path/Frameworks",
				);
				PRODUCT_BUNDLE_IDENTIFIER = ru.CristopherJohnson.LocationTrackerTests;
				PRODUCT_NAME = "$(TARGET_NAME)";
				SWIFT_VERSION = 5.0;
				TARGETED_DEVICE_FAMILY = "1,2";
				TEST_HOST = "$(BUILT_PRODUCTS_DIR)/LocationTracker.app/LocationTracker";
			};
			name = Debug;
		};
		A33B76A5243397D700968C13 /* Release */ = {
			isa = XCBuildConfiguration;
			baseConfigurationReference = 4ED3F5ADC8B09C68BCF8FEDD /* Pods-LocationTrackerTests.release.xcconfig */;
			buildSettings = {
				ALWAYS_EMBED_SWIFT_STANDARD_LIBRARIES = YES;
				BUNDLE_LOADER = "$(TEST_HOST)";
				CODE_SIGN_STYLE = Automatic;
				DEVELOPMENT_TEAM = MLGYVU27YQ;
				INFOPLIST_FILE = LocationTrackerTests/Info.plist;
				IPHONEOS_DEPLOYMENT_TARGET = 13.4;
				LD_RUNPATH_SEARCH_PATHS = (
					"$(inherited)",
					"@executable_path/Frameworks",
					"@loader_path/Frameworks",
				);
				PRODUCT_BUNDLE_IDENTIFIER = ru.CristopherJohnson.LocationTrackerTests;
				PRODUCT_NAME = "$(TARGET_NAME)";
				SWIFT_VERSION = 5.0;
				TARGETED_DEVICE_FAMILY = "1,2";
				TEST_HOST = "$(BUILT_PRODUCTS_DIR)/LocationTracker.app/LocationTracker";
			};
			name = Release;
		};
/* End XCBuildConfiguration section */

/* Begin XCConfigurationList section */
		A33B767C243397D400968C13 /* Build configuration list for PBXProject "LocationTracker" */ = {
			isa = XCConfigurationList;
			buildConfigurations = (
				A33B769E243397D700968C13 /* Debug */,
				A33B769F243397D700968C13 /* Release */,
			);
			defaultConfigurationIsVisible = 0;
			defaultConfigurationName = Release;
		};
		A33B76A0243397D700968C13 /* Build configuration list for PBXNativeTarget "LocationTracker" */ = {
			isa = XCConfigurationList;
			buildConfigurations = (
				A33B76A1243397D700968C13 /* Debug */,
				A33B76A2243397D700968C13 /* Release */,
			);
			defaultConfigurationIsVisible = 0;
			defaultConfigurationName = Release;
		};
		A33B76A3243397D700968C13 /* Build configuration list for PBXNativeTarget "LocationTrackerTests" */ = {
			isa = XCConfigurationList;
			buildConfigurations = (
				A33B76A4243397D700968C13 /* Debug */,
				A33B76A5243397D700968C13 /* Release */,
			);
			defaultConfigurationIsVisible = 0;
			defaultConfigurationName = Release;
		};
/* End XCConfigurationList section */
	};
	rootObject = A33B7679243397D400968C13 /* Project object */;
}
